{
  "name": "snapchat-memories-backup",
  "version": "1.0.0",
  "lockfileVersion": 2,
  "requires": true,
  "packages": {
    "": {
      "name": "snapchat-memories-backup",
      "version": "1.0.0",
      "license": "ISC",
      "dependencies": {
        "snapchat-all-memories-downloader": "github:ToTheMax/Snapchat-All-Memories-Downloader"
      }
    },
    "node_modules/commander": {
      "version": "8.3.0",
      "resolved": "https://registry.npmjs.org/commander/-/commander-8.3.0.tgz",
      "integrity": "sha512-OkTL9umf+He2DZkUq8f8J9of7yL6RJKI24dVITBmNfZBmri9zYZQrKkuXiKhyfPSu8tUhnVBB1iKXevvnlR4Ww==",
      "engines": {
        "node": ">= 12"
      }
    },
    "node_modules/moment": {
      "version": "2.29.0",
      "resolved": "https://registry.npmjs.org/moment/-/moment-2.29.0.tgz",
      "integrity": "sha512-z6IJ5HXYiuxvFTI6eiQ9dm77uE0gyy1yXNApVHqTcnIKfY9tIwEjlzsZ6u1LQXvVgKeTnv9Xm7NDvJ7lso3MtA==",
      "engines": {
        "node": "*"
      }
    },
    "node_modules/node-addon-api": {
      "version": "3.2.1",
      "resolved": "https://registry.npmjs.org/node-addon-api/-/node-addon-api-3.2.1.tgz",
      "integrity": "sha512-mmcei9JghVNDYydghQmeDX8KoAm0FAiYyIcUt/N4nhyAipB17pllZQDOJD2fotxABnt4Mdz+dKTO7eftLg4d0A=="
    },
    "node_modules/snapchat-all-memories-downloader": {
      "version": "1.0.0",
      "resolved": "git+ssh://git@github.com/ToTheMax/Snapchat-All-Memories-Downloader.git#27f238b6d7ad76c7ce87abf44698703556910892",
      "dependencies": {
        "commander": "^8.0.0",
        "moment": "2.29.0",
        "utimes": "4.0.2"
      }
    },
    "node_modules/utimes": {
      "version": "4.0.2",
      "resolved": "https://registry.npmjs.org/utimes/-/utimes-4.0.2.tgz",
      "integrity": "sha512-mE/6X4v+EFbFr+n3jvAH92qc1FKe1t0WIHdUU+pZ8IjkZdJQU1qFS76KmxlfUTZXLyrwvHHmedtLbWXIxE32fw==",
      "hasInstallScript": true,
      "dependencies": {
        "node-addon-api": "^3.0.2"
      }
    }
  },
  "dependencies": {
    "commander": {
      "version": "8.3.0",
      "resolved": "https://registry.npmjs.org/commander/-/commander-8.3.0.tgz",
      "integrity": "sha512-OkTL9umf+He2DZkUq8f8J9of7yL6RJKI24dVITBmNfZBmri9zYZQrKkuXiKhyfPSu8tUhnVBB1iKXevvnlR4Ww=="
    },
    "moment": {
      "version": "2.29.0",
      "resolved": "https://registry.npmjs.org/moment/-/moment-2.29.0.tgz",
      "integrity": "sha512-z6IJ5HXYiuxvFTI6eiQ9dm77uE0gyy1yXNApVHqTcnIKfY9tIwEjlzsZ6u1LQXvVgKeTnv9Xm7NDvJ7lso3MtA=="
    },
    "node-addon-api": {
      "version": "3.2.1",
      "resolved": "https://registry.npmjs.org/node-addon-api/-/node-addon-api-3.2.1.tgz",
      "integrity": "sha512-mmcei9JghVNDYydghQmeDX8KoAm0FAiYyIcUt/N4nhyAipB17pllZQDOJD2fotxABnt4Mdz+dKTO7eftLg4d0A=="
    },
    "snapchat-all-memories-downloader": {
      "version": "git+ssh://git@github.com/ToTheMax/Snapchat-All-Memories-Downloader.git#27f238b6d7ad76c7ce87abf44698703556910892",
      "from": "snapchat-all-memories-downloader@ToTheMax/Snapchat-All-Memories-Downloader",
      "requires": {
        "commander": "^8.0.0",
        "moment": "2.29.0",
        "utimes": "4.0.2"
      }
    },
    "utimes": {
      "version": "4.0.2",
      "resolved": "https://registry.npmjs.org/utimes/-/utimes-4.0.2.tgz",
      "integrity": "sha512-mE/6X4v+EFbFr+n3jvAH92qc1FKe1t0WIHdUU+pZ8IjkZdJQU1qFS76KmxlfUTZXLyrwvHHmedtLbWXIxE32fw==",
      "requires": {
        "node-addon-api": "^3.0.2"
      }
    }
  }
}
